
Microsoft Visual Studio Solution File, Format Version 12.00
Project("{FAE04EC0-301F-11D3-BF4B-00C04F79EFBC}") = "GraphWeb", "GraphWeb\GraphWeb.csproj", "{EE15445D-B4F7-4F36-A72F-98F6BCBEA5EA}"
EndProject
Global
	GlobalSection(SolutionConfigurationPlatforms) = preSolution
		Debug|Any CPU = Debug|Any CPU
		Release|Any CPU = Release|Any CPU
	EndGlobalSection
	GlobalSection(ProjectConfigurationPlatforms) = postSolution
		{EE15445D-B4F7-4F36-A72F-98F6BCBEA5EA}.Debug|Any CPU.ActiveCfg = Debug|Any CPU
		{EE15445D-B4F7-4F36-A72F-98F6BCBEA5EA}.Debug|Any CPU.Build.0 = Debug|Any CPU
		{EE15445D-B4F7-4F36-A72F-98F6BCBEA5EA}.Release|Any CPU.ActiveCfg = Release|Any CPU
		{EE15445D-B4F7-4F36-A72F-98F6BCBEA5EA}.Release|Any CPU.Build.0 = Release|Any CPU
	EndGlobalSection
EndGlobal
